{
  "name": "varai",
  "version": "0.0.0",
  "lockfileVersion": 3,
  "requires": true,
  "packages": {
    "": {
      "name": "varai",
      "version": "0.0.0",
      "license": "MIT",
      "dependencies": {
        "ignore": "^7.0.5",
        "tree-sitter-wasms": "^0.1.11",
        "web-tree-sitter": "^0.20.8"
      },
      "bin": {
        "varai": "bin/varai.js"
      },
      "engines": {
        "node": ">=20"
      }
    },
    "node_modules/ignore": {
      "version": "7.0.5",
      "resolved": "https://registry.npmjs.org/ignore/-/ignore-7.0.5.tgz",
      "integrity": "sha512-Hs59xBNfUIunMFgWAbGX5cq6893IbWg4KnrjbYwX3tx0ztorVgTDA6B2sxf8ejHJ4wz8BqGUMYlnzNBer5NvGg==",
      "license": "MIT",
      "engines": {
        "node": ">= 4"
      }
    },
    "node_modules/tree-sitter-wasms": {
      "version": "0.1.11",
      "resolved": "https://registry.npmjs.org/tree-sitter-wasms/-/tree-sitter-wasms-0.1.11.tgz",
      "integrity": "sha512-26sE4+qoTi1CbzHdo9sHs9pRE/jXVFVRigSG/5TNAbwhSMVjHfMAg4UjmOhAFAIx5UxgoQuaURwqhm0SRNrpWA==",
      "license": "Unlicense"
    },
    "node_modules/web-tree-sitter": {
      "version": "0.20.8",
      "resolved": "https://registry.npmjs.org/web-tree-sitter/-/web-tree-sitter-0.20.8.tgz",
      "integrity": "sha512-weOVgZ3aAARgdnb220GqYuh7+rZU0Ka9k9yfKtGAzEYMa6GgiCzW9JjQRJyCJakvibQW+dfjJdihjInKuuCAUQ==",
      "license": "MIT"
    }
  }
}
